<?xml version="1.0" encoding="utf-8"?>
<Project ToolsVersion="4.0" xmlns="http://schemas.microsoft.com/developer/msbuild/2003">
  <ItemGroup>
    <Filter Include="Source Files">
      <UniqueIdentifier>{4FC737F1-C7A5-4376-A066-2A32D752A2FF}</UniqueIdentifier>
      <Extensions>cpp;c;cc;cxx;def;odl;idl;hpj;bat;asm;asmx</Extensions>
    </Filter>
    <Filter Include="Header Files">
      <UniqueIdentifier>{93995380-89BD-4b04-88EB-625FBE52EBFB}</UniqueIdentifier>
      <Extensions>h;hh;hpp;hxx;hm;inl;inc;xsd</Extensions>
    </Filter>
    <Filter Include="Resource Files">
      <UniqueIdentifier>{67DA6AB6-F800-4c08-8B7A-83BB121AAD01}</UniqueIdentifier>
      <Extensions>rc;ico;cur;bmp;dlg;rc2;rct;bin;rgs;gif;jpg;jpeg;jpe;resx;tiff;tif;png;wav;mfcribbon-ms</Extensions>
    </Filter>
  </ItemGroup>
  <ItemGroup>
    <ClCompile Include="..\src\svg_colors.c">
      <Filter>Source Files</Filter>
    </ClCompile>
    <ClCompile Include="..\src\svgtiny.c">
      <Filter>Source Files</Filter>
    </ClCompile>
    <ClCompile Include="..\src\svgtiny_gradient.c">
      <Filter>Source Files</Filter>
    </ClCompile>
    <ClCompile Include="..\src\svgtiny_list.c">
      <Filter>Source Files</Filter>
    </ClCompile>
    <ClCompile Include="..\libdom\src\core\attr.c">
      <Filter>Source Files</Filter>
    </ClCompile>
    <ClCompile Include="..\libdom\src\core\cdatasection.c">
      <Filter>Source Files</Filter>
    </ClCompile>
    <ClCompile Include="..\libdom\src\core\characterdata.c">
      <Filter>Source Files</Filter>
    </ClCompile>
    <ClCompile Include="..\libdom\src\core\comment.c">
      <Filter>Source Files</Filter>
    </ClCompile>
    <ClCompile Include="..\libdom\src\core\doc_fragment.c">
      <Filter>Source Files</Filter>
    </ClCompile>
    <ClCompile Include="..\libdom\src\core\document.c">
      <Filter>Source Files</Filter>
    </ClCompile>
    <ClCompile Include="..\libdom\src\core\document_type.c">
      <Filter>Source Files</Filter>
    </ClCompile>
    <ClCompile Include="..\libdom\src\core\element.c">
      <Filter>Source Files</Filter>
    </ClCompile>
    <ClCompile Include="..\libdom\src\core\entity_ref.c">
      <Filter>Source Files</Filter>
    </ClCompile>
    <ClCompile Include="..\libdom\src\core\implementation.c">
      <Filter>Source Files</Filter>
    </ClCompile>
    <ClCompile Include="..\libdom\src\core\namednodemap.c">
      <Filter>Source Files</Filter>
    </ClCompile>
    <ClCompile Include="..\libdom\src\core\node.c">
      <Filter>Source Files</Filter>
    </ClCompile>
    <ClCompile Include="..\libdom\src\core\nodelist.c">
      <Filter>Source Files</Filter>
    </ClCompile>
    <ClCompile Include="..\libdom\src\core\pi.c">
      <Filter>Source Files</Filter>
    </ClCompile>
    <ClCompile Include="..\libdom\src\core\string.c">
      <Filter>Source Files</Filter>
    </ClCompile>
    <ClCompile Include="..\libdom\src\core\text.c">
      <Filter>Source Files</Filter>
    </ClCompile>
    <ClCompile Include="..\libdom\src\core\typeinfo.c">
      <Filter>Source Files</Filter>
    </ClCompile>
    <ClCompile Include="..\libdom\src\events\custom_event.c">
      <Filter>Source Files</Filter>
    </ClCompile>
    <ClCompile Include="..\libdom\src\events\dispatch.c">
      <Filter>Source Files</Filter>
    </ClCompile>
    <ClCompile Include="..\libdom\src\events\document_event.c">
      <Filter>Source Files</Filter>
    </ClCompile>
    <ClCompile Include="..\libdom\src\events\event.c">
      <Filter>Source Files</Filter>
    </ClCompile>
    <ClCompile Include="..\libdom\src\events\event_listener.c">
      <Filter>Source Files</Filter>
    </ClCompile>
    <ClCompile Include="..\libdom\src\events\event_target.c">
      <Filter>Source Files</Filter>
    </ClCompile>
    <ClCompile Include="..\libdom\src\events\keyboard_event.c">
      <Filter>Source Files</Filter>
    </ClCompile>
    <ClCompile Include="..\libdom\src\events\mouse_event.c">
      <Filter>Source Files</Filter>
    </ClCompile>
    <ClCompile Include="..\libdom\src\events\mouse_multi_wheel_event.c">
      <Filter>Source Files</Filter>
    </ClCompile>
    <ClCompile Include="..\libdom\src\events\mouse_wheel_event.c">
      <Filter>Source Files</Filter>
    </ClCompile>
    <ClCompile Include="..\libdom\src\events\mutation_event.c">
      <Filter>Source Files</Filter>
    </ClCompile>
    <ClCompile Include="..\libdom\src\events\mutation_name_event.c">
      <Filter>Source Files</Filter>
    </ClCompile>
    <ClCompile Include="..\libdom\src\events\text_event.c">
      <Filter>Source Files</Filter>
    </ClCompile>
    <ClCompile Include="..\libdom\src\events\ui_event.c">
      <Filter>Source Files</Filter>
    </ClCompile>
    <ClCompile Include="..\libdom\src\html\html_anchor_element.c">
      <Filter>Source Files</Filter>
    </ClCompile>
    <ClCompile Include="..\libdom\src\html\html_applet_element.c">
      <Filter>Source Files</Filter>
    </ClCompile>
    <ClCompile Include="..\libdom\src\html\html_area_element.c">
      <Filter>Source Files</Filter>
    </ClCompile>
    <ClCompile Include="..\libdom\src\html\html_base_element.c">
      <Filter>Source Files</Filter>
    </ClCompile>
    <ClCompile Include="..\libdom\src\html\html_basefont_element.c">
      <Filter>Source Files</Filter>
    </ClCompile>
    <ClCompile Include="..\libdom\src\html\html_body_element.c">
      <Filter>Source Files</Filter>
    </ClCompile>
    <ClCompile Include="..\libdom\src\html\html_br_element.c">
      <Filter>Source Files</Filter>
    </ClCompile>
    <ClCompile Include="..\libdom\src\html\html_button_element.c">
      <Filter>Source Files</Filter>
    </ClCompile>
    <ClCompile Include="..\libdom\src\html\html_collection.c">
      <Filter>Source Files</Filter>
    </ClCompile>
    <ClCompile Include="..\libdom\src\html\html_directory_element.c">
      <Filter>Source Files</Filter>
    </ClCompile>
    <ClCompile Include="..\libdom\src\html\html_div_element.c">
      <Filter>Source Files</Filter>
    </ClCompile>
    <ClCompile Include="..\libdom\src\html\html_dlist_element.c">
      <Filter>Source Files</Filter>
    </ClCompile>
    <ClCompile Include="..\libdom\src\html\html_document.c">
      <Filter>Source Files</Filter>
    </ClCompile>
    <ClCompile Include="..\libdom\src\html\html_element.c">
      <Filter>Source Files</Filter>
    </ClCompile>
    <ClCompile Include="..\libdom\src\html\html_fieldset_element.c">
      <Filter>Source Files</Filter>
    </ClCompile>
    <ClCompile Include="..\libdom\src\html\html_font_element.c">
      <Filter>Source Files</Filter>
    </ClCompile>
    <ClCompile Include="..\libdom\src\html\html_form_element.c">
      <Filter>Source Files</Filter>
    </ClCompile>
    <ClCompile Include="..\libdom\src\html\html_frame_element.c">
      <Filter>Source Files</Filter>
    </ClCompile>
    <ClCompile Include="..\libdom\src\html\html_frameset_element.c">
      <Filter>Source Files</Filter>
    </ClCompile>
    <ClCompile Include="..\libdom\src\html\html_head_element.c">
      <Filter>Source Files</Filter>
    </ClCompile>
    <ClCompile Include="..\libdom\src\html\html_heading_element.c">
      <Filter>Source Files</Filter>
    </ClCompile>
    <ClCompile Include="..\libdom\src\html\html_hr_element.c">
      <Filter>Source Files</Filter>
    </ClCompile>
    <ClCompile Include="..\libdom\src\html\html_html_element.c">
      <Filter>Source Files</Filter>
    </ClCompile>
    <ClCompile Include="..\libdom\src\html\html_iframe_element.c">
      <Filter>Source Files</Filter>
    </ClCompile>
    <ClCompile Include="..\libdom\src\html\html_image_element.c">
      <Filter>Source Files</Filter>
    </ClCompile>
    <ClCompile Include="..\libdom\src\html\html_input_element.c">
      <Filter>Source Files</Filter>
    </ClCompile>
    <ClCompile Include="..\libdom\src\html\html_isindex_element.c">
      <Filter>Source Files</Filter>
    </ClCompile>
    <ClCompile Include="..\libdom\src\html\html_label_element.c">
      <Filter>Source Files</Filter>
    </ClCompile>
    <ClCompile Include="..\libdom\src\html\html_legend_element.c">
      <Filter>Source Files</Filter>
    </ClCompile>
    <ClCompile Include="..\libdom\src\html\html_li_element.c">
      <Filter>Source Files</Filter>
    </ClCompile>
    <ClCompile Include="..\libdom\src\html\html_link_element.c">
      <Filter>Source Files</Filter>
    </ClCompile>
    <ClCompile Include="..\libdom\src\html\html_map_element.c">
      <Filter>Source Files</Filter>
    </ClCompile>
    <ClCompile Include="..\libdom\src\html\html_menu_element.c">
      <Filter>Source Files</Filter>
    </ClCompile>
    <ClCompile Include="..\libdom\src\html\html_meta_element.c">
      <Filter>Source Files</Filter>
    </ClCompile>
    <ClCompile Include="..\libdom\src\html\html_mod_element.c">
      <Filter>Source Files</Filter>
    </ClCompile>
    <ClCompile Include="..\libdom\src\html\html_object_element.c">
      <Filter>Source Files</Filter>
    </ClCompile>
    <ClCompile Include="..\libdom\src\html\html_olist_element.c">
      <Filter>Source Files</Filter>
    </ClCompile>
    <ClCompile Include="..\libdom\src\html\html_opt_group_element.c">
      <Filter>Source Files</Filter>
    </ClCompile>
    <ClCompile Include="..\libdom\src\html\html_option_element.c">
      <Filter>Source Files</Filter>
    </ClCompile>
    <ClCompile Include="..\libdom\src\html\html_options_collection.c">
      <Filter>Source Files</Filter>
    </ClCompile>
    <ClCompile Include="..\libdom\src\html\html_paragraph_element.c">
      <Filter>Source Files</Filter>
    </ClCompile>
    <ClCompile Include="..\libdom\src\html\html_param_element.c">
      <Filter>Source Files</Filter>
    </ClCompile>
    <ClCompile Include="..\libdom\src\html\html_pre_element.c">
      <Filter>Source Files</Filter>
    </ClCompile>
    <ClCompile Include="..\libdom\src\html\html_quote_element.c">
      <Filter>Source Files</Filter>
    </ClCompile>
    <ClCompile Include="..\libdom\src\html\html_script_element.c">
      <Filter>Source Files</Filter>
    </ClCompile>
    <ClCompile Include="..\libdom\src\html\html_select_element.c">
      <Filter>Source Files</Filter>
    </ClCompile>
    <ClCompile Include="..\libdom\src\html\html_style_element.c">
      <Filter>Source Files</Filter>
    </ClCompile>
    <ClCompile Include="..\libdom\src\html\html_table_element.c">
      <Filter>Source Files</Filter>
    </ClCompile>
    <ClCompile Include="..\libdom\src\html\html_tablecaption_element.c">
      <Filter>Source Files</Filter>
    </ClCompile>
    <ClCompile Include="..\libdom\src\html\html_tablecell_element.c">
      <Filter>Source Files</Filter>
    </ClCompile>
    <ClCompile Include="..\libdom\src\html\html_tablecol_element.c">
      <Filter>Source Files</Filter>
    </ClCompile>
    <ClCompile Include="..\libdom\src\html\html_tablerow_element.c">
      <Filter>Source Files</Filter>
    </ClCompile>
    <ClCompile Include="..\libdom\src\html\html_tablesection_element.c">
      <Filter>Source Files</Filter>
    </ClCompile>
    <ClCompile Include="..\libdom\src\html\html_text_area_element.c">
      <Filter>Source Files</Filter>
    </ClCompile>
    <ClCompile Include="..\libdom\src\html\html_title_element.c">
      <Filter>Source Files</Filter>
    </ClCompile>
    <ClCompile Include="..\libdom\src\html\html_ulist_element.c">
      <Filter>Source Files</Filter>
    </ClCompile>
    <ClCompile Include="..\libdom\src\utils\character_valid.c">
      <Filter>Source Files</Filter>
    </ClCompile>
    <ClCompile Include="..\libdom\src\utils\hashtable.c">
      <Filter>Source Files</Filter>
    </ClCompile>
    <ClCompile Include="..\libdom\src\utils\namespace.c">
      <Filter>Source Files</Filter>
    </ClCompile>
    <ClCompile Include="..\libdom\src\utils\validate.c">
      <Filter>Source Files</Filter>
    </ClCompile>
    <ClCompile Include="..\libparserutils\src\charset\codec.c">
      <Filter>Source Files</Filter>
    </ClCompile>
    <ClCompile Include="..\libparserutils\src\charset\codecs\codec_8859.c">
      <Filter>Source Files</Filter>
    </ClCompile>
    <ClCompile Include="..\libparserutils\src\charset\codecs\codec_ascii.c">
      <Filter>Source Files</Filter>
    </ClCompile>
    <ClCompile Include="..\libparserutils\src\charset\codecs\codec_ext8.c">
      <Filter>Source Files</Filter>
    </ClCompile>
    <ClCompile Include="..\libparserutils\src\charset\codecs\codec_utf8.c">
      <Filter>Source Files</Filter>
    </ClCompile>
    <ClCompile Include="..\libparserutils\src\charset\codecs\codec_utf16.c">
      <Filter>Source Files</Filter>
    </ClCompile>
    <ClCompile Include="..\libparserutils\src\charset\encodings\utf8.c">
      <Filter>Source Files</Filter>
    </ClCompile>
    <ClCompile Include="..\libparserutils\src\charset\encodings\utf16.c">
      <Filter>Source Files</Filter>
    </ClCompile>
    <ClCompile Include="..\libwapcaplet\src\libwapcaplet.c">
      <Filter>Source Files</Filter>
    </ClCompile>
    <ClCompile Include="..\libdom\bindings\xml\libxml_xmlparser.c">
      <Filter>Source Files</Filter>
    </ClCompile>
  </ItemGroup>
  <ItemGroup>
    <ClInclude Include="..\src\svgtiny_internal.h">
      <Filter>Source Files</Filter>
    </ClInclude>
    <ClInclude Include="..\libdom\src\core\attr.h">
      <Filter>Source Files</Filter>
    </ClInclude>
    <ClInclude Include="..\libdom\src\core\cdatasection.h">
      <Filter>Source Files</Filter>
    </ClInclude>
    <ClInclude Include="..\libdom\src\core\characterdata.h">
      <Filter>Source Files</Filter>
    </ClInclude>
    <ClInclude Include="..\libdom\src\core\comment.h">
      <Filter>Source Files</Filter>
    </ClInclude>
    <ClInclude Include="..\libdom\src\core\doc_fragment.h">
      <Filter>Source Files</Filter>
    </ClInclude>
    <ClInclude Include="..\libdom\src\core\document.h">
      <Filter>Source Files</Filter>
    </ClInclude>
    <ClInclude Include="..\libdom\src\core\document_type.h">
      <Filter>Source Files</Filter>
    </ClInclude>
    <ClInclude Include="..\libdom\src\core\element.h">
      <Filter>Source Files</Filter>
    </ClInclude>
    <ClInclude Include="..\libdom\src\core\entity_ref.h">
      <Filter>Source Files</Filter>
    </ClInclude>
    <ClInclude Include="..\libdom\src\core\namednodemap.h">
      <Filter>Source Files</Filter>
    </ClInclude>
    <ClInclude Include="..\libdom\src\core\node.h">
      <Filter>Source Files</Filter>
    </ClInclude>
    <ClInclude Include="..\libdom\src\core\nodelist.h">
      <Filter>Source Files</Filter>
    </ClInclude>
    <ClInclude Include="..\libdom\src\core\pi.h">
      <Filter>Source Files</Filter>
    </ClInclude>
    <ClInclude Include="..\libdom\src\core\string.h">
      <Filter>Source Files</Filter>
    </ClInclude>
    <ClInclude Include="..\libdom\src\core\text.h">
      <Filter>Source Files</Filter>
    </ClInclude>
    <ClInclude Include="..\libdom\src\events\custom_event.h">
      <Filter>Source Files</Filter>
    </ClInclude>
    <ClInclude Include="..\libdom\src\events\dispatch.h">
      <Filter>Source Files</Filter>
    </ClInclude>
    <ClInclude Include="..\libdom\src\events\document_event.h">
      <Filter>Source Files</Filter>
    </ClInclude>
    <ClInclude Include="..\libdom\src\events\event.h">
      <Filter>Source Files</Filter>
    </ClInclude>
    <ClInclude Include="..\libdom\src\events\event_listener.h">
      <Filter>Source Files</Filter>
    </ClInclude>
    <ClInclude Include="..\libdom\src\events\event_target.h">
      <Filter>Source Files</Filter>
    </ClInclude>
    <ClInclude Include="..\libdom\src\events\keyboard_event.h">
      <Filter>Source Files</Filter>
    </ClInclude>
    <ClInclude Include="..\libdom\src\events\mouse_event.h">
      <Filter>Source Files</Filter>
    </ClInclude>
    <ClInclude Include="..\libdom\src\events\mouse_multi_wheel_event.h">
      <Filter>Source Files</Filter>
    </ClInclude>
    <ClInclude Include="..\libdom\src\events\mouse_wheel_event.h">
      <Filter>Source Files</Filter>
    </ClInclude>
    <ClInclude Include="..\libdom\src\events\mutation_event.h">
      <Filter>Source Files</Filter>
    </ClInclude>
    <ClInclude Include="..\libdom\src\events\mutation_name_event.h">
      <Filter>Source Files</Filter>
    </ClInclude>
    <ClInclude Include="..\libdom\src\events\text_event.h">
      <Filter>Source Files</Filter>
    </ClInclude>
    <ClInclude Include="..\libdom\src\events\ui_event.h">
      <Filter>Source Files</Filter>
    </ClInclude>
    <ClInclude Include="..\libdom\src\html\html_anchor_element.h">
      <Filter>Source Files</Filter>
    </ClInclude>
    <ClInclude Include="..\libdom\src\html\html_applet_element.h">
      <Filter>Source Files</Filter>
    </ClInclude>
    <ClInclude Include="..\libdom\src\html\html_area_element.h">
      <Filter>Source Files</Filter>
    </ClInclude>
    <ClInclude Include="..\libdom\src\html\html_base_element.h">
      <Filter>Source Files</Filter>
    </ClInclude>
    <ClInclude Include="..\libdom\src\html\html_basefont_element.h">
      <Filter>Source Files</Filter>
    </ClInclude>
    <ClInclude Include="..\libdom\src\html\html_body_element.h">
      <Filter>Source Files</Filter>
    </ClInclude>
    <ClInclude Include="..\libdom\src\html\html_br_element.h">
      <Filter>Source Files</Filter>
    </ClInclude>
    <ClInclude Include="..\libdom\src\html\html_button_element.h">
      <Filter>Source Files</Filter>
    </ClInclude>
    <ClInclude Include="..\libdom\src\html\html_collection.h">
      <Filter>Source Files</Filter>
    </ClInclude>
    <ClInclude Include="..\libdom\src\html\html_directory_element.h">
      <Filter>Source Files</Filter>
    </ClInclude>
    <ClInclude Include="..\libdom\src\html\html_div_element.h">
      <Filter>Source Files</Filter>
    </ClInclude>
    <ClInclude Include="..\libdom\src\html\html_dlist_element.h">
      <Filter>Source Files</Filter>
    </ClInclude>
    <ClInclude Include="..\libdom\src\html\html_document.h">
      <Filter>Source Files</Filter>
    </ClInclude>
    <ClInclude Include="..\libdom\src\html\html_document_strings.h">
      <Filter>Source Files</Filter>
    </ClInclude>
    <ClInclude Include="..\libdom\src\html\html_element.h">
      <Filter>Source Files</Filter>
    </ClInclude>
    <ClInclude Include="..\libdom\src\html\html_fieldset_element.h">
      <Filter>Source Files</Filter>
    </ClInclude>
    <ClInclude Include="..\libdom\src\html\html_font_element.h">
      <Filter>Source Files</Filter>
    </ClInclude>
    <ClInclude Include="..\libdom\src\html\html_form_element.h">
      <Filter>Source Files</Filter>
    </ClInclude>
    <ClInclude Include="..\libdom\src\html\html_frame_element.h">
      <Filter>Source Files</Filter>
    </ClInclude>
    <ClInclude Include="..\libdom\src\html\html_frameset_element.h">
      <Filter>Source Files</Filter>
    </ClInclude>
    <ClInclude Include="..\libdom\src\html\html_head_element.h">
      <Filter>Source Files</Filter>
    </ClInclude>
    <ClInclude Include="..\libdom\src\html\html_heading_element.h">
      <Filter>Source Files</Filter>
    </ClInclude>
    <ClInclude Include="..\libdom\src\html\html_hr_element.h">
      <Filter>Source Files</Filter>
    </ClInclude>
    <ClInclude Include="..\libdom\src\html\html_html_element.h">
      <Filter>Source Files</Filter>
    </ClInclude>
    <ClInclude Include="..\libdom\src\html\html_iframe_element.h">
      <Filter>Source Files</Filter>
    </ClInclude>
    <ClInclude Include="..\libdom\src\html\html_image_element.h">
      <Filter>Source Files</Filter>
    </ClInclude>
    <ClInclude Include="..\libdom\src\html\html_input_element.h">
      <Filter>Source Files</Filter>
    </ClInclude>
    <ClInclude Include="..\libdom\src\html\html_isindex_element.h">
      <Filter>Source Files</Filter>
    </ClInclude>
    <ClInclude Include="..\libdom\src\html\html_label_element.h">
      <Filter>Source Files</Filter>
    </ClInclude>
    <ClInclude Include="..\libdom\src\html\html_legend_element.h">
      <Filter>Source Files</Filter>
    </ClInclude>
    <ClInclude Include="..\libdom\src\html\html_li_element.h">
      <Filter>Source Files</Filter>
    </ClInclude>
    <ClInclude Include="..\libdom\src\html\html_link_element.h">
      <Filter>Source Files</Filter>
    </ClInclude>
    <ClInclude Include="..\libdom\src\html\html_map_element.h">
      <Filter>Source Files</Filter>
    </ClInclude>
    <ClInclude Include="..\libdom\src\html\html_menu_element.h">
      <Filter>Source Files</Filter>
    </ClInclude>
    <ClInclude Include="..\libdom\src\html\html_meta_element.h">
      <Filter>Source Files</Filter>
    </ClInclude>
    <ClInclude Include="..\libdom\src\html\html_mod_element.h">
      <Filter>Source Files</Filter>
    </ClInclude>
    <ClInclude Include="..\libdom\src\html\html_object_element.h">
      <Filter>Source Files</Filter>
    </ClInclude>
    <ClInclude Include="..\libdom\src\html\html_olist_element.h">
      <Filter>Source Files</Filter>
    </ClInclude>
    <ClInclude Include="..\libdom\src\html\html_opt_group_element.h">
      <Filter>Source Files</Filter>
    </ClInclude>
    <ClInclude Include="..\libdom\src\html\html_option_element.h">
      <Filter>Source Files</Filter>
    </ClInclude>
    <ClInclude Include="..\libdom\src\html\html_options_collection.h">
      <Filter>Source Files</Filter>
    </ClInclude>
    <ClInclude Include="..\libdom\src\html\html_paragraph_element.h">
      <Filter>Source Files</Filter>
    </ClInclude>
    <ClInclude Include="..\libdom\src\html\html_param_element.h">
      <Filter>Source Files</Filter>
    </ClInclude>
    <ClInclude Include="..\libdom\src\html\html_pre_element.h">
      <Filter>Source Files</Filter>
    </ClInclude>
    <ClInclude Include="..\libdom\src\html\html_quote_element.h">
      <Filter>Source Files</Filter>
    </ClInclude>
    <ClInclude Include="..\libdom\src\html\html_script_element.h">
      <Filter>Source Files</Filter>
    </ClInclude>
    <ClInclude Include="..\libdom\src\html\html_select_element.h">
      <Filter>Source Files</Filter>
    </ClInclude>
    <ClInclude Include="..\libdom\src\html\html_style_element.h">
      <Filter>Source Files</Filter>
    </ClInclude>
    <ClInclude Include="..\libdom\src\html\html_table_element.h">
      <Filter>Source Files</Filter>
    </ClInclude>
    <ClInclude Include="..\libdom\src\html\html_tablecaption_element.h">
      <Filter>Source Files</Filter>
    </ClInclude>
    <ClInclude Include="..\libdom\src\html\html_tablecell_element.h">
      <Filter>Source Files</Filter>
    </ClInclude>
    <ClInclude Include="..\libdom\src\html\html_tablecol_element.h">
      <Filter>Source Files</Filter>
    </ClInclude>
    <ClInclude Include="..\libdom\src\html\html_tablerow_element.h">
      <Filter>Source Files</Filter>
    </ClInclude>
    <ClInclude Include="..\libdom\src\html\html_tablesection_element.h">
      <Filter>Source Files</Filter>
    </ClInclude>
    <ClInclude Include="..\libdom\src\html\html_text_area_element.h">
      <Filter>Source Files</Filter>
    </ClInclude>
    <ClInclude Include="..\libdom\src\html\html_title_element.h">
      <Filter>Source Files</Filter>
    </ClInclude>
    <ClInclude Include="..\libdom\src\html\html_ulist_element.h">
      <Filter>Source Files</Filter>
    </ClInclude>
    <ClInclude Include="..\libdom\src\utils\character_valid.h">
      <Filter>Source Files</Filter>
    </ClInclude>
    <ClInclude Include="..\libdom\src\utils\hashtable.h">
      <Filter>Source Files</Filter>
    </ClInclude>
    <ClInclude Include="..\libdom\src\utils\list.h">
      <Filter>Source Files</Filter>
    </ClInclude>
    <ClInclude Include="..\libdom\src\utils\namespace.h">
      <Filter>Source Files</Filter>
    </ClInclude>
    <ClInclude Include="..\libdom\src\utils\utils.h">
      <Filter>Source Files</Filter>
    </ClInclude>
    <ClInclude Include="..\libdom\src\utils\validate.h">
      <Filter>Source Files</Filter>
    </ClInclude>
    <ClInclude Include="..\libparserutils\src\charset\codecs\8859_tables.h">
      <Filter>Source Files</Filter>
    </ClInclude>
    <ClInclude Include="..\libparserutils\src\charset\codecs\codec_impl.h">
      <Filter>Source Files</Filter>
    </ClInclude>
    <ClInclude Include="..\libparserutils\src\charset\codecs\ext8_tables.h">
      <Filter>Source Files</Filter>
    </ClInclude>
    <ClInclude Include="..\libparserutils\src\charset\encodings\utf8impl.h">
      <Filter>Source Files</Filter>
    </ClInclude>
  </ItemGroup>
  <ItemGroup>
    <None Include="..\libdom\src\core\Makefile">
      <Filter>Source Files</Filter>
    </None>
    <None Include="..\libdom\src\events\Makefile">
      <Filter>Source Files</Filter>
    </None>
  </ItemGroup>
</Project>